
Microsoft Visual Studio Solution File, Format Version 12.00
# Visual Studio Version 17
VisualStudioVersion = 17.6.33829.357
MinimumVisualStudioVersion = 10.0.40219.1
Project("{FAE04EC0-301F-11D3-BF4B-00C04F79EFBC}") = "Callories_Tracker", "Callories_Tracker.csproj", "{33C5744B-28EC-4E4A-B3F1-A52113774652}"
EndProject
Global
	GlobalSection(SolutionConfigurationPlatforms) = preSolution
		Debug|Any CPU = Debug|Any CPU
		Release|Any CPU = Release|Any CPU
	EndGlobalSection
	GlobalSection(ProjectConfigurationPlatforms) = postSolution
		{33C5744B-28EC-4E4A-B3F1-A52113774652}.Debug|Any CPU.ActiveCfg = Debug|Any CPU
		{33C5744B-28EC-4E4A-B3F1-A52113774652}.Debug|Any CPU.Build.0 = Debug|Any CPU
		{33C5744B-28EC-4E4A-B3F1-A52113774652}.Release|Any CPU.ActiveCfg = Release|Any CPU
		{33C5744B-28EC-4E4A-B3F1-A52113774652}.Release|Any CPU.Build.0 = Release|Any CPU
	EndGlobalSection
	GlobalSection(SolutionProperties) = preSolution
		HideSolutionNode = FALSE
	EndGlobalSection
	GlobalSection(ExtensibilityGlobals) = postSolution
		SolutionGuid = {397B22B0-A4B6-45FD-BBA7-DDA5F73C5B3B}
	EndGlobalSection
EndGlobal
